
Microsoft Visual Studio Solution File, Format Version 12.00
# Visual Studio Version 17
VisualStudioVersion = 17.5.2.0
MinimumVisualStudioVersion = 10.0.40219.1
Project("{FAE04EC0-301F-11D3-BF4B-00C04F79EFBC}") = "LeetcodeProblems", "LeetcodeProblems\LeetcodeProblems.csproj", "{ACF24DE9-35A0-E9A0-A24F-4346D123B5F6}"
EndProject
Project("{FAE04EC0-301F-11D3-BF4B-00C04F79EFBC}") = "Leetcode150_TEST", "Leetcode150_TEST\Leetcode150_TEST.csproj", "{56BFDFEB-D288-417C-830C-D75F55A55574}"
EndProject
Global
	GlobalSection(SolutionConfigurationPlatforms) = preSolution
		Debug|Any CPU = Debug|Any CPU
		Debug|x64 = Debug|x64
		Debug|x86 = Debug|x86
		Release|Any CPU = Release|Any CPU
		Release|x64 = Release|x64
		Release|x86 = Release|x86
	EndGlobalSection
	GlobalSection(ProjectConfigurationPlatforms) = postSolution
		{ACF24DE9-35A0-E9A0-A24F-4346D123B5F6}.Debug|Any CPU.ActiveCfg = Debug|Any CPU
		{ACF24DE9-35A0-E9A0-A24F-4346D123B5F6}.Debug|Any CPU.Build.0 = Debug|Any CPU
		{ACF24DE9-35A0-E9A0-A24F-4346D123B5F6}.Debug|x64.ActiveCfg = Debug|Any CPU
		{ACF24DE9-35A0-E9A0-A24F-4346D123B5F6}.Debug|x64.Build.0 = Debug|Any CPU
		{ACF24DE9-35A0-E9A0-A24F-4346D123B5F6}.Debug|x86.ActiveCfg = Debug|Any CPU
		{ACF24DE9-35A0-E9A0-A24F-4346D123B5F6}.Debug|x86.Build.0 = Debug|Any CPU
		{ACF24DE9-35A0-E9A0-A24F-4346D123B5F6}.Release|Any CPU.ActiveCfg = Release|Any CPU
		{ACF24DE9-35A0-E9A0-A24F-4346D123B5F6}.Release|Any CPU.Build.0 = Release|Any CPU
		{ACF24DE9-35A0-E9A0-A24F-4346D123B5F6}.Release|x64.ActiveCfg = Release|Any CPU
		{ACF24DE9-35A0-E9A0-A24F-4346D123B5F6}.Release|x64.Build.0 = Release|Any CPU
		{ACF24DE9-35A0-E9A0-A24F-4346D123B5F6}.Release|x86.ActiveCfg = Release|Any CPU
		{ACF24DE9-35A0-E9A0-A24F-4346D123B5F6}.Release|x86.Build.0 = Release|Any CPU
		{56BFDFEB-D288-417C-830C-D75F55A55574}.Debug|Any CPU.ActiveCfg = Debug|Any CPU
		{56BFDFEB-D288-417C-830C-D75F55A55574}.Debug|Any CPU.Build.0 = Debug|Any CPU
		{56BFDFEB-D288-417C-830C-D75F55A55574}.Debug|x64.ActiveCfg = Debug|Any CPU
		{56BFDFEB-D288-417C-830C-D75F55A55574}.Debug|x64.Build.0 = Debug|Any CPU
		{56BFDFEB-D288-417C-830C-D75F55A55574}.Debug|x86.ActiveCfg = Debug|Any CPU
		{56BFDFEB-D288-417C-830C-D75F55A55574}.Debug|x86.Build.0 = Debug|Any CPU
		{56BFDFEB-D288-417C-830C-D75F55A55574}.Release|Any CPU.ActiveCfg = Release|Any CPU
		{56BFDFEB-D288-417C-830C-D75F55A55574}.Release|Any CPU.Build.0 = Release|Any CPU
		{56BFDFEB-D288-417C-830C-D75F55A55574}.Release|x64.ActiveCfg = Release|Any CPU
		{56BFDFEB-D288-417C-830C-D75F55A55574}.Release|x64.Build.0 = Release|Any CPU
		{56BFDFEB-D288-417C-830C-D75F55A55574}.Release|x86.ActiveCfg = Release|Any CPU
		{56BFDFEB-D288-417C-830C-D75F55A55574}.Release|x86.Build.0 = Release|Any CPU
	EndGlobalSection
	GlobalSection(SolutionProperties) = preSolution
		HideSolutionNode = FALSE
	EndGlobalSection
	GlobalSection(ExtensibilityGlobals) = postSolution
		SolutionGuid = {E281888B-8926-47A1-9B7F-32BD2DF51F44}
	EndGlobalSection
EndGlobal
